<?xml version="1.0" encoding="UTF-8"?>
<Scheme
   LastUpgradeVersion = "1010"
   version = "1.7">
   <BuildAction
      parallelizeBuildables = "YES"
      buildImplicitDependencies = "YES">
      <BuildActionEntries>
         <BuildActionEntry
            buildForTesting = "YES"
            buildForRunning = "YES"
            buildForProfiling = "YES"
            buildForArchiving = "YES"
            buildForAnalyzing = "YES">
            <BuildableReference
               BuildableIdentifier = "primary"
               BlueprintIdentifier = "E43427F52121BF5B00EC6DC3"
               BuildableName = "Nebula.app"
               BlueprintName = "x3Note"
               ReferencedContainer = "container:x3Note.xcodeproj">
            </BuildableReference>
         </BuildActionEntry>
      </BuildActionEntries>
   </BuildAction>
   <TestAction
      buildConfiguration = "Debug"
      selectedDebuggerIdentifier = "Xcode.DebuggerFoundation.Debugger.LLDB"
      selectedLauncherIdentifier = "Xcode.DebuggerFoundation.Launcher.LLDB"
      shouldUseLaunchSchemeArgsEnv = "YES"
      onlyGenerateCoverageForSpecifiedTargets = "YES">
      <MacroExpansion>
         <BuildableReference
            BuildableIdentifier = "primary"
            BlueprintIdentifier = "E43427F52121BF5B00EC6DC3"
            BuildableName = "Nebula.app"
            BlueprintName = "x3Note"
            ReferencedContainer = "container:x3Note.xcodeproj">
         </BuildableReference>
      </MacroExpansion>
      <CodeCoverageTargets>
         <BuildableReference
            BuildableIdentifier = "primary"
            BlueprintIdentifier = "E43427F52121BF5B00EC6DC3"
            BuildableName = "Nebula.app"
            BlueprintName = "x3Note"
            ReferencedContainer = "container:x3Note.xcodeproj">
         </BuildableReference>
      </CodeCoverageTargets>
      <Testables>
         <TestableReference
            skipped = "NO">
            <BuildableReference
               BuildableIdentifier = "primary"
               BlueprintIdentifier = "E43428092121BF5F00EC6DC3"
               BuildableName = "x3NoteTests.xctest"
               BlueprintName = "x3NoteTests"
               ReferencedContainer = "container:x3Note.xcodeproj">
            </BuildableReference>
         </TestableReference>
         <TestableReference
            skipped = "NO">
            <BuildableReference
               BuildableIdentifier = "primary"
               BlueprintIdentifier = "E43428142121BF6000EC6DC3"
               BuildableName = "x3NoteUITests.xctest"
               BlueprintName = "x3NoteUITests"
               ReferencedContainer = "container:x3Note.xcodeproj">
            </BuildableReference>
         </TestableReference>
         <TestableReference
            skipped = "NO">
            <BuildableReference
               BuildableIdentifier = "primary"
               BlueprintIdentifier = "E43F74B821840082000206E5"
               BuildableName = "OrgEngineTests.xctest"
               BlueprintName = "OrgEngineTests"
               ReferencedContainer = "container:x3Note.xcodeproj">
            </BuildableReference>
         </TestableReference>
         <TestableReference
            skipped = "NO">
            <BuildableReference
               BuildableIdentifier = "primary"
               BlueprintIdentifier = "E41F86ED21902D94006C4CDB"
               BuildableName = "StorageTests.xctest"
               BlueprintName = "StorageTests"
               ReferencedContainer = "container:x3Note.xcodeproj">
            </BuildableReference>
         </TestableReference>
         <TestableReference
            skipped = "NO">
            <BuildableReference
               BuildableIdentifier = "primary"
               BlueprintIdentifier = "E41CB17121D88B7100EF0A3C"
               BuildableName = "DocumentCoreTests.xctest"
               BlueprintName = "DocumentCoreTests"
               ReferencedContainer = "container:x3Note.xcodeproj">
            </BuildableReference>
         </TestableReference>
         <TestableReference
            skipped = "NO">
            <BuildableReference
               BuildableIdentifier = "primary"
               BlueprintIdentifier = "E41CB1A221D88D9400EF0A3C"
               BuildableName = "BusinessTests.xctest"
               BlueprintName = "BusinessTests"
               ReferencedContainer = "container:x3Note.xcodeproj">
            </BuildableReference>
         </TestableReference>
         <TestableReference
            skipped = "NO">
            <BuildableReference
               BuildableIdentifier = "primary"
               BlueprintIdentifier = "E4BFD45A21F71185003C048C"
               BuildableName = "TextStorageTests.xctest"
               BlueprintName = "TextStorageTests"
               ReferencedContainer = "container:x3Note.xcodeproj">
            </BuildableReference>
         </TestableReference>
      </Testables>
   </TestAction>
   <LaunchAction
      buildConfiguration = "Debug"
      selectedDebuggerIdentifier = "Xcode.DebuggerFoundation.Debugger.LLDB"
      selectedLauncherIdentifier = "Xcode.DebuggerFoundation.Launcher.LLDB"
      enableAddressSanitizer = "YES"
      enableASanStackUseAfterReturn = "YES"
      launchStyle = "0"
      useCustomWorkingDirectory = "NO"
      ignoresPersistentStateOnLaunch = "NO"
      debugDocumentVersioning = "YES"
      debugServiceExtension = "internal"
      allowLocationSimulation = "NO">
      <BuildableProductRunnable
         runnableDebuggingMode = "0">
         <BuildableReference
            BuildableIdentifier = "primary"
            BlueprintIdentifier = "E43427F52121BF5B00EC6DC3"
            BuildableName = "Nebula.app"
            BlueprintName = "x3Note"
            ReferencedContainer = "container:x3Note.xcodeproj">
         </BuildableReference>
      </BuildableProductRunnable>
      <CommandLineArguments>
         <CommandLineArgument
            argument = "SHOW_EDITING_RANGE"
            isEnabled = "NO">
         </CommandLineArgument>
         <CommandLineArgument
            argument = "IGNORE_MEMBERSHIP_CHECK"
            isEnabled = "NO">
         </CommandLineArgument>
         <CommandLineArgument
            argument = "SHOW_ALL_TOKEN_RANGE"
            isEnabled = "NO">
         </CommandLineArgument>
         <CommandLineArgument
            argument = "SHOW_PARSING_TOKEN_RANGE"
            isEnabled = "NO">
         </CommandLineArgument>
      </CommandLineArguments>
      <LocationScenarioReference
         identifier = "New York, NY, USA"
         referenceType = "1">
      </LocationScenarioReference>
   </LaunchAction>
   <ProfileAction
      buildConfiguration = "Release"
      shouldUseLaunchSchemeArgsEnv = "YES"
      savedToolIdentifier = ""
      useCustomWorkingDirectory = "NO"
      debugDocumentVersioning = "YES">
      <BuildableProductRunnable
         runnableDebuggingMode = "0">
         <BuildableReference
            BuildableIdentifier = "primary"
            BlueprintIdentifier = "E43427F52121BF5B00EC6DC3"
            BuildableName = "Nebula.app"
            BlueprintName = "x3Note"
            ReferencedContainer = "container:x3Note.xcodeproj">
         </BuildableReference>
      </BuildableProductRunnable>
   </ProfileAction>
   <AnalyzeAction
      buildConfiguration = "Debug">
   </AnalyzeAction>
   <ArchiveAction
      buildConfiguration = "Release"
      revealArchiveInOrganizer = "YES">
   </ArchiveAction>
</Scheme>
