PODS:
  - Differentiator (3.1.0)
  - Drawsana (0.9.2)
  - Haptico (1.0.2)
  - KDCalendar (1.6.5)
  - PKHUD (5.2.1)
  - RxAtomic (4.4.0)
  - RxCocoa (4.4.0):
    - RxSwift (~> 4.0)
  - RxDataSources (3.1.0):
    - Differentiator (~> 3.0)
    - RxCocoa (~> 4.0)
    - RxSwift (~> 4.0)
  - RxSwift (4.4.0):
    - RxAtomic (~> 4.4)
  - SwiftGen (6.0.2)
  - SwiftyBeaver (1.6.1)

DEPENDENCIES:
  - Drawsana
  - Haptico
  - KDCalendar (~> 1.6.5)
  - PKHUD (~> 5.0)
  - RxCocoa
  - RxDataSources
  - RxSwift
  - SwiftGen (~> 6.0)
  - SwiftyBeaver

SPEC REPOS:
  https://github.com/cocoapods/specs.git:
    - Differentiator
    - Drawsana
    - Haptico
    - KDCalendar
    - PKHUD
    - RxAtomic
    - RxCocoa
    - RxDataSources
    - RxSwift
    - SwiftGen
    - SwiftyBeaver

SPEC CHECKSUMS:
  Differentiator: be49ca3408f0ecfc761e4c7763d20c62be01b9ad
  Drawsana: e6c738958804d69769b034019bc274fa58a56d10
  Haptico: ce38d1f993f3a0df9a6d7795a9dd2849648aa9d1
  KDCalendar: 15e74f37bd3d206bf7549c594fd08e0347c276f4
  PKHUD: 4e6162c4c39ac367c6934e9855c6b4762ee16256
  RxAtomic: eacf60db868c96bfd63320e28619fe29c179656f
  RxCocoa: df63ebf7b9a70d6b4eeea407ed5dd4efc8979749
  RxDataSources: a843bad90c29817f5923ec8163f4af2de084ceb3
  RxSwift: 5976ecd04fc2fefd648827c23de5e11157faa973
  SwiftGen: e5b047067aa84082826a0c4f1c4c2ddc95bcf74c
  SwiftyBeaver: ccfcdf85a04d429f1633f668650b0ce8020bda3a

PODFILE CHECKSUM: 56aaf5bf970b0dd08e55f213e843ddc58e8f8202

COCOAPODS: 1.7.5
