PODS:
  - Differentiator (4.0.1)
  - Drawsana (0.9.2)
  - Haptico (1.0.2)
  - KDCalendar (1.6.5)
  - PKHUD (5.3.0)
  - RxCocoa (5.0.1):
    - RxRelay (~> 5)
    - RxSwift (~> 5)
  - RxDataSources (4.0.1):
    - Differentiator (~> 4.0)
    - RxCocoa (~> 5.0)
    - RxSwift (~> 5.0)
  - RxRelay (5.0.1):
    - RxSwift (~> 5)
  - RxSwift (5.0.1)
  - SwiftGen (6.1.0)
  - SwiftyBeaver (1.8.4)
  - SwiftyStoreKit (0.15.0)

DEPENDENCIES:
  - Drawsana
  - Haptico
  - KDCalendar (~> 1.6.5)
  - PKHUD (~> 5.0)
  - RxCocoa
  - RxDataSources
  - RxSwift
  - SwiftGen (~> 6.0)
  - SwiftyBeaver
  - SwiftyStoreKit

SPEC REPOS:
  https://mirrors.tuna.tsinghua.edu.cn/git/CocoaPods/Specs.git:
    - Differentiator
    - Drawsana
    - Haptico
    - KDCalendar
    - PKHUD
    - RxCocoa
    - RxDataSources
    - RxRelay
    - RxSwift
    - SwiftGen
    - SwiftyBeaver
    - SwiftyStoreKit

SPEC CHECKSUMS:
  Differentiator: 886080237d9f87f322641dedbc5be257061b0602
  Drawsana: e6c738958804d69769b034019bc274fa58a56d10
  Haptico: ce38d1f993f3a0df9a6d7795a9dd2849648aa9d1
  KDCalendar: 15e74f37bd3d206bf7549c594fd08e0347c276f4
  PKHUD: 98f3e4bc904b9c916f1c5bb6d765365b5357291b
  RxCocoa: e741b9749968e8a143e2b787f1dfbff2b63d0a5c
  RxDataSources: efee07fa4de48477eca0a4611e6d11e2da9c1114
  RxRelay: 89d54507f4fd4d969e6ec1d4bd7f3673640b4640
  RxSwift: e2dc62b366a3adf6a0be44ba9f405efd4c94e0c4
  SwiftGen: f872ca75cbd17bf7103c17f13dcfa0d9a15667b0
  SwiftyBeaver: f9a9aba96a6a6166e21682377804d728b0d20b95
  SwiftyStoreKit: 033d06b6f87955405d3f844a18a7687c2438592a

PODFILE CHECKSUM: b94e9a0dbe4d3f686c519b1b91205880e2014b26

COCOAPODS: 1.9.0
