PODS:
  - Drawsana (0.9.2)
  - Haptico (1.0.2)
  - JTAppleCalendar (7.1.7)
  - KeychainAccess (3.1.2)
  - Result (4.1.0)
  - RxAtomic (4.4.0)
  - RxCocoa (4.4.0):
    - RxSwift (~> 4.0)
  - RxSwift (4.4.0):
    - RxAtomic (~> 4.4)
  - SwiftGen (6.0.2)
  - SwiftyBeaver (1.6.1)

DEPENDENCIES:
  - Drawsana
  - Haptico
  - JTAppleCalendar (~> 7.0)
  - KeychainAccess
  - Result
  - RxCocoa
  - RxSwift
  - SwiftGen (~> 6.0)
  - SwiftyBeaver

SPEC REPOS:
  https://github.com/cocoapods/specs.git:
    - Drawsana
    - Haptico
    - JTAppleCalendar
    - KeychainAccess
    - Result
    - RxAtomic
    - RxCocoa
    - RxSwift
    - SwiftGen
    - SwiftyBeaver

SPEC CHECKSUMS:
  Drawsana: e6c738958804d69769b034019bc274fa58a56d10
  Haptico: ce38d1f993f3a0df9a6d7795a9dd2849648aa9d1
  JTAppleCalendar: 96da4d8388fa6dc82d6a60d41ef36a015e167e2f
  KeychainAccess: b3816fddcf28aa29d94b10ec305cd52be14c472b
  Result: bd966fac789cc6c1563440b348ab2598cc24d5c7
  RxAtomic: eacf60db868c96bfd63320e28619fe29c179656f
  RxCocoa: df63ebf7b9a70d6b4eeea407ed5dd4efc8979749
  RxSwift: 5976ecd04fc2fefd648827c23de5e11157faa973
  SwiftGen: e5b047067aa84082826a0c4f1c4c2ddc95bcf74c
  SwiftyBeaver: ccfcdf85a04d429f1633f668650b0ce8020bda3a

PODFILE CHECKSUM: cdcd288dd02a4c89fb068ea05e1357ed337574a2

COCOAPODS: 1.5.3
