PODS:
  - KeychainAccess (3.1.1)
  - RxCocoa (4.3.1):
    - RxSwift (~> 4.0)
  - RxSwift (4.3.1)
  - SwiftyBeaver (1.6.1)

DEPENDENCIES:
  - KeychainAccess
  - RxCocoa
  - RxSwift
  - SwiftyBeaver

SPEC REPOS:
  https://github.com/cocoapods/specs.git:
    - KeychainAccess
    - RxCocoa
    - RxSwift
    - SwiftyBeaver

SPEC CHECKSUMS:
  KeychainAccess: 7bd430028059754a3debab3cfc0bd1fc7fb85df3
  RxCocoa: 78763c7b07d02455598d9fc3c1ad091a28b73635
  RxSwift: fe0fd770a43acdb7d0a53da411c9b892e69bb6e4
  SwiftyBeaver: ccfcdf85a04d429f1633f668650b0ce8020bda3a

PODFILE CHECKSUM: c544e1391101e5ef2e30709247b7be9baa2127b6

COCOAPODS: 1.5.3
